
Microsoft Visual Studio Solution File, Format Version 12.00
# Visual Studio 15
VisualStudioVersion = 15.0.26730.3
MinimumVisualStudioVersion = 10.0.40219.1
Project("{9A19103F-16F7-4668-BE54-9A1E7A4F7556}") = "Pioneer.Blog", "src\Pioneer.Blog\Pioneer.Blog.csproj", "{FC503820-515C-48B2-9F64-EC209AF50727}"
EndProject
Project("{9A19103F-16F7-4668-BE54-9A1E7A4F7556}") = "Pioneer.Blog.Model", "src\Pioneer.Blog.Model\Pioneer.Blog.Model.csproj", "{B78CA765-EFFF-4560-BE73-2A0AD90F9A73}"
EndProject
Project("{9A19103F-16F7-4668-BE54-9A1E7A4F7556}") = "Pioneer.Blog.Entity", "src\Pioneer.Blog.Entity\Pioneer.Blog.Entity.csproj", "{7043F48F-6C67-407A-930D-F538DC376E62}"
EndProject
Project("{9A19103F-16F7-4668-BE54-9A1E7A4F7556}") = "Pioneer.Blog.Repository", "src\Pioneer.Blog.Repository\Pioneer.Blog.Repository.csproj", "{B86BBFF7-05FE-4244-AFC2-DCEA7277EF7B}"
EndProject
Project("{FAE04EC0-301F-11D3-BF4B-00C04F79EFBC}") = "Pioneer.Blog.Service", "src\Pioneer.Blog.Service\Pioneer.Blog.Service.csproj", "{50C3CE4B-055B-429E-A075-404F9FF3B9FE}"
EndProject
Project("{2150E333-8FDC-42A3-9474-1A3956D46DE8}") = "Solution Items", "Solution Items", "{7F187B46-5EFD-458F-A2AD-7139315A2726}"
	ProjectSection(SolutionItems) = preProject
		.gitattributes = .gitattributes
		.gitignore = .gitignore
		README.md = README.md
	EndProjectSection
EndProject
Global
	GlobalSection(SolutionConfigurationPlatforms) = preSolution
		Debug|Any CPU = Debug|Any CPU
		Release|Any CPU = Release|Any CPU
	EndGlobalSection
	GlobalSection(ProjectConfigurationPlatforms) = postSolution
		{FC503820-515C-48B2-9F64-EC209AF50727}.Debug|Any CPU.ActiveCfg = Debug|Any CPU
		{FC503820-515C-48B2-9F64-EC209AF50727}.Debug|Any CPU.Build.0 = Debug|Any CPU
		{FC503820-515C-48B2-9F64-EC209AF50727}.Release|Any CPU.ActiveCfg = Release|Any CPU
		{FC503820-515C-48B2-9F64-EC209AF50727}.Release|Any CPU.Build.0 = Release|Any CPU
		{B78CA765-EFFF-4560-BE73-2A0AD90F9A73}.Debug|Any CPU.ActiveCfg = Debug|Any CPU
		{B78CA765-EFFF-4560-BE73-2A0AD90F9A73}.Debug|Any CPU.Build.0 = Debug|Any CPU
		{B78CA765-EFFF-4560-BE73-2A0AD90F9A73}.Release|Any CPU.ActiveCfg = Release|Any CPU
		{B78CA765-EFFF-4560-BE73-2A0AD90F9A73}.Release|Any CPU.Build.0 = Release|Any CPU
		{7043F48F-6C67-407A-930D-F538DC376E62}.Debug|Any CPU.ActiveCfg = Debug|Any CPU
		{7043F48F-6C67-407A-930D-F538DC376E62}.Debug|Any CPU.Build.0 = Debug|Any CPU
		{7043F48F-6C67-407A-930D-F538DC376E62}.Release|Any CPU.ActiveCfg = Release|Any CPU
		{7043F48F-6C67-407A-930D-F538DC376E62}.Release|Any CPU.Build.0 = Release|Any CPU
		{B86BBFF7-05FE-4244-AFC2-DCEA7277EF7B}.Debug|Any CPU.ActiveCfg = Debug|Any CPU
		{B86BBFF7-05FE-4244-AFC2-DCEA7277EF7B}.Debug|Any CPU.Build.0 = Debug|Any CPU
		{B86BBFF7-05FE-4244-AFC2-DCEA7277EF7B}.Release|Any CPU.ActiveCfg = Release|Any CPU
		{B86BBFF7-05FE-4244-AFC2-DCEA7277EF7B}.Release|Any CPU.Build.0 = Release|Any CPU
		{50C3CE4B-055B-429E-A075-404F9FF3B9FE}.Debug|Any CPU.ActiveCfg = Debug|Any CPU
		{50C3CE4B-055B-429E-A075-404F9FF3B9FE}.Debug|Any CPU.Build.0 = Debug|Any CPU
		{50C3CE4B-055B-429E-A075-404F9FF3B9FE}.Release|Any CPU.ActiveCfg = Release|Any CPU
		{50C3CE4B-055B-429E-A075-404F9FF3B9FE}.Release|Any CPU.Build.0 = Release|Any CPU
	EndGlobalSection
	GlobalSection(SolutionProperties) = preSolution
		HideSolutionNode = FALSE
	EndGlobalSection
	GlobalSection(ExtensibilityGlobals) = postSolution
		SolutionGuid = {98BD613B-B750-4635-A19C-D1CACE715131}
	EndGlobalSection
EndGlobal
